# This file is automatically @generated by Poetry 1.8.4 and should not be changed by hand.

[[package]]
name = "poetry-core"
version = "2.0.1"
description = "Poetry PEP 517 Build Backend"
optional = false
python-versions = "<4.0,>=3.9"
files = [
    {file = "poetry_core-2.0.1-py3-none-any.whl", hash = "sha256:a3c7009536522cda4eb0fb3805c9dc935b5537f8727dd01efb9c15e51a17552b"},
    {file = "poetry_core-2.0.1.tar.gz", hash = "sha256:10177c2772469d9032a49f0d8707af761b1c597cea3b4fb31546e5cd436eb157"},
]

[metadata]
lock-version = "2.0"
python-versions = "^3.10"
content-hash = "f8297e373082da08a1a68ac25b705452b88f66573783054d93ea1e71d15491a7"
